{
  "originHash" : "678a88273b2f0e2a463e22bae6bd6645ea16fec7dcb4add0263e96498d8fdc13",
  "pins" : [
    {
      "identity" : "alamofire",
      "kind" : "remoteSourceControl",
      "location" : "https://github.com/Alamofire/Alamofire.git",
      "state" : {
        "revision" : "513364f870f6bfc468f9d2ff0a95caccc10044c5",
        "version" : "5.10.2"
      }
    },
    {
      "identity" : "swift-collections?ref=advancedswift.com",
      "kind" : "remoteSourceControl",
      "location" : "https://github.com/apple/swift-collections?ref=advancedswift.com",
      "state" : {
        "revision" : "8c0c0a8b49e080e54e5e328cc552821ff07cd341",
        "version" : "1.2.1"
      }
    },
    {
      "identity" : "swift-syntax",
      "kind" : "remoteSourceControl",
      "location" : "https://github.com/swiftlang/swift-syntax.git",
      "state" : {
        "revision" : "0687f71944021d616d34d922343dcef086855920",
        "version" : "600.0.1"
      }
    },
    {
      "identity" : "swinject",
      "kind" : "remoteSourceControl",
      "location" : "https://github.com/Swinject/Swinject.git",
      "state" : {
        "revision" : "be9dbcc7b86811bc131539a20c6f9c2d3e56919f",
        "version" : "2.9.1"
      }
    },
    {
      "identity" : "view-configurable",
      "kind" : "remoteSourceControl",
      "location" : "https://github.com/grindrllc/view-configurable",
      "state" : {
        "revision" : "50721fcf8cc95119b12a10102ba748a4f317d49c",
        "version" : "0.1.1"
      }
    }
  ],
  "version" : 3
}
